
Microsoft Visual Studio Solution File, Format Version 12.00
# Visual Studio Version 17
VisualStudioVersion = 17.13.35931.197 d17.13
MinimumVisualStudioVersion = 10.0.40219.1
Project("{FAE04EC0-301F-11D3-BF4B-00C04F79EFBC}") = "StudentManagementSystem", "StudentManagementSystem.csproj", "{AB979CEE-A697-4F40-9268-4A6DB33ED434}"
EndProject
Global
	GlobalSection(SolutionConfigurationPlatforms) = preSolution
		Debug|Any CPU = Debug|Any CPU
		Release|Any CPU = Release|Any CPU
	EndGlobalSection
	GlobalSection(ProjectConfigurationPlatforms) = postSolution
		{AB979CEE-A697-4F40-9268-4A6DB33ED434}.Debug|Any CPU.ActiveCfg = Debug|Any CPU
		{AB979CEE-A697-4F40-9268-4A6DB33ED434}.Debug|Any CPU.Build.0 = Debug|Any CPU
		{AB979CEE-A697-4F40-9268-4A6DB33ED434}.Release|Any CPU.ActiveCfg = Release|Any CPU
		{AB979CEE-A697-4F40-9268-4A6DB33ED434}.Release|Any CPU.Build.0 = Release|Any CPU
	EndGlobalSection
	GlobalSection(SolutionProperties) = preSolution
		HideSolutionNode = FALSE
	EndGlobalSection
	GlobalSection(ExtensibilityGlobals) = postSolution
		SolutionGuid = {8F39469D-2D6A-4607-90A9-E83CEF61E789}
	EndGlobalSection
EndGlobal
